github.com/aws/aws-sdk-go-v2 v1.41.1 h1:ABlyEARCDLN034NhxlRUSZr4l71mh+T5KAeGh6cerhU=
github.com/aws/aws-sdk-go-v2 v1.41.1/go.mod h1:MayyLB8y+buD9hZqkCW3kX1AKq07Y5pXxtgB+rRFhz0=
github.com/aws/aws-sdk-go-v2 v1.41.5 h1:dj5kopbwUsVUVFgO4Fi5BIT3t4WyqIDjGKCangnV/yY=
github.com/aws/aws-sdk-go-v2 v1.41.5/go.mod h1:mwsPRE8ceUUpiTgF7QmQIJ7lgsKUPQOUl3o72QBrE1o=
github.com/aws/aws-sdk-go-v2/config v1.32.7 h1:vxUyWGUwmkQ2g19n7JY/9YL8MfAIl7bTesIUykECXmY=
github.com/aws/aws-sdk-go-v2/config v1.32.7/go.mod h1:2/Qm5vKUU/r7Y+zUk/Ptt2MDAEKAfUtKc1+3U1Mo3oY=
github.com/aws/aws-sdk-go-v2/credentials v1.19.7 h1:tHK47VqqtJxOymRrNtUXN5SP/zUTvZKeLx4tH6PGQc8=
github.com/aws/aws-sdk-go-v2/credentials v1.19.7/go.mod h1:qOZk8sPDrxhf+4Wf4oT2urYJrYt3RejHSzgAquYeppw=
github.com/aws/aws-sdk-go-v2/feature/dynamodb/attributevalue v1.20.32 h1:ojCVN51FD7typ+PtJO2UYo4ssUyItayaSSd+Jgjib0s=
github.com/aws/aws-sdk-go-v2/feature/dynamodb/attributevalue v1.20.32/go.mod h1:jBYuQT8jjNv4GdWrt5MSAYMQPkULummysVx1zntRqqI=
github.com/aws/aws-sdk-go-v2/feature/ec2/imds v1.18.17 h1:I0GyV8wiYrP8XpA70g1HBcQO1JlQxCMTW9npl5UbDHY=
github.com/aws/aws-sdk-go-v2/feature/ec2/imds v1.18.17/go.mod h1:tyw7BOl5bBe/oqvoIeECFJjMdzXoa/dfVz3QQ5lgHGA=
github.com/aws/aws-sdk-go-v2/internal/configsources v1.4.17 h1:xOLELNKGp2vsiteLsvLPwxC+mYmO6OZ8PYgiuPJzF8U=
github.com/aws/aws-sdk-go-v2/internal/configsources v1.4.17/go.mod h1:5M5CI3D12dNOtH3/mk6minaRwI2/37ifCURZISxA/IQ=
github.com/aws/aws-sdk-go-v2/internal/configsources v1.4.21 h1:Rgg6wvjjtX8bNHcvi9OnXWwcE0a2vGpbwmtICOsvcf4=
github.com/aws/aws-sdk-go-v2/internal/configsources v1.4.21/go.mod h1:A/kJFst/nm//cyqonihbdpQZwiUhhzpqTsdbhDdRF9c=
github.com/aws/aws-sdk-go-v2/internal/endpoints/v2 v2.7.17 h1:WWLqlh79iO48yLkj1v3ISRNiv+3KdQoZ6JWyfcsyQik=
github.com/aws/aws-sdk-go-v2/internal/endpoints/v2 v2.7.17/go.mod h1:EhG22vHRrvF8oXSTYStZhJc1aUgKtnJe+aOiFEV90cM=
github.com/aws/aws-sdk-go-v2/internal/endpoints/v2 v2.7.21 h1:PEgGVtPoB6NTpPrBgqSE5hE/o47Ij9qk/SEZFbUOe9A=
github.com/aws/aws-sdk-go-v2/internal/endpoints/v2 v2.7.21/go.mod h1:p+hz+PRAYlY3zcpJhPwXlLC4C+kqn70WIHwnzAfs6ps=
github.com/aws/aws-sdk-go-v2/internal/ini v1.8.4 h1:WKuaxf++XKWlHWu9ECbMlha8WOEGm0OUEZqm4K/Gcfk=
github.com/aws/aws-sdk-go-v2/internal/ini v1.8.4/go.mod h1:ZWy7j6v1vWGmPReu0iSGvRiise4YI5SkR3OHKTZ6Wuc=
github.com/aws/aws-sdk-go-v2/internal/v4a v1.4.22 h1:rWyie/PxDRIdhNf4DzRk0lvjVOqFJuNnO8WwaIRVxzQ=
github.com/aws/aws-sdk-go-v2/internal/v4a v1.4.22/go.mod h1:zd/JsJ4P7oGfUhXn1VyLqaRZwPmZwg44Jf2dS84Dm3Y=
github.com/aws/aws-sdk-go-v2/service/dynamodb v1.55.0 h1:CyYoeHWjVSGimzMhlL0Z4l5gLCa++ccnRJKrsaNssxE=
github.com/aws/aws-sdk-go-v2/service/dynamodb v1.55.0/go.mod h1:ctEsEHY2vFQc6i4KU07q4n68v7BAmTbujv2Y+z8+hQY=
github.com/aws/aws-sdk-go-v2/service/dynamodbstreams v1.32.10 h1:NR6jP7HvIfQ15R8MCuxNCm9l2b9AajLsABgV4b1Jz0M=
github.com/aws/aws-sdk-go-v2/service/dynamodbstreams v1.32.10/go.mod h1:v5yw5XvpeeVw+QcBlciQYgnnkCOK7ZLj8BiE9Uy5jEE=
github.com/aws/aws-sdk-go-v2/service/eventbridge v1.45.23 h1:wlOL7DYRnqjyTN1GJlDT5w1t062qC7JKiszZzH4S41A=
github.com/aws/aws-sdk-go-v2/service/eventbridge v1.45.23/go.mod h1:bm3xSJdUbbsHQZAtyfYyDXtijYduolXRWfrPUmWQfbM=
github.com/aws/aws-sdk-go-v2/service/internal/accept-encoding v1.13.4 h1:0ryTNEdJbzUCEWkVXEXoqlXV72J5keC1GvILMOuD00E=
github.com/aws/aws-sdk-go-v2/service/internal/accept-encoding v1.13.4/go.mod h1:HQ4qwNZh32C3CBeO6iJLQlgtMzqeG17ziAA/3KDJFow=
github.com/aws/aws-sdk-go-v2/service/internal/endpoint-discovery v1.11.17 h1:Nhx/OYX+ukejm9t/MkWI8sucnsiroNYNGb5ddI9ungQ=
github.com/aws/aws-sdk-go-v2/service/internal/endpoint-discovery v1.11.17/go.mod h1:AjmK8JWnlAevq1b1NBtv5oQVG4iqnYXUufdgol+q9wg=
github.com/aws/aws-sdk-go-v2/service/internal/presigned-url v1.13.17 h1:RuNSMoozM8oXlgLG/n6WLaFGoea7/CddrCfIiSA+xdY=
github.com/aws/aws-sdk-go-v2/service/internal/presigned-url v1.13.17/go.mod h1:F2xxQ9TZz5gDWsclCtPQscGpP0VUOc8RqgFM3vDENmU=
github.com/aws/aws-sdk-go-v2/service/signin v1.0.5 h1:VrhDvQib/i0lxvr3zqlUwLwJP4fpmpyD9wYG1vfSu+Y=
github.com/aws/aws-sdk-go-v2/service/signin v1.0.5/go.mod h1:k029+U8SY30/3/ras4G/Fnv/b88N4mAfliNn08Dem4M=
github.com/aws/aws-sdk-go-v2/service/sqs v1.42.25 h1:8Bv3TQ1Cob6HLlpUbAnWxeHhAkYScJO9RIHh2WPXaxw=
github.com/aws/aws-sdk-go-v2/service/sqs v1.42.25/go.mod h1:eDstEbM0OEnBUnNQxIA7j74Jy61cCU1S4EMlCtdMwzs=
github.com/aws/aws-sdk-go-v2/service/sso v1.30.9 h1:v6EiMvhEYBoHABfbGB4alOYmCIrcgyPPiBE1wZAEbqk=
github.com/aws/aws-sdk-go-v2/service/sso v1.30.9/go.mod h1:yifAsgBxgJWn3ggx70A3urX2AN49Y5sJTD1UQFlfqBw=
github.com/aws/aws-sdk-go-v2/service/ssooidc v1.35.13 h1:gd84Omyu9JLriJVCbGApcLzVR3XtmC4ZDPcAI6Ftvds=
github.com/aws/aws-sdk-go-v2/service/ssooidc v1.35.13/go.mod h1:sTGThjphYE4Ohw8vJiRStAcu3rbjtXRsdNB0TvZ5wwo=
github.com/aws/aws-sdk-go-v2/service/sts v1.41.6 h1:5fFjR/ToSOzB2OQ/XqWpZBmNvmP/pJ1jOWYlFDJTjRQ=
github.com/aws/aws-sdk-go-v2/service/sts v1.41.6/go.mod h1:qgFDZQSD/Kys7nJnVqYlWKnh0SSdMjAi0uSwON4wgYQ=
github.com/aws/smithy-go v1.24.0 h1:LpilSUItNPFr1eY85RYgTIg5eIEPtvFbskaFcmmIUnk=
github.com/aws/smithy-go v1.24.0/go.mod h1:LEj2LM3rBRQJxPZTB4KuzZkaZYnZPnvgIhb4pu07mx0=
github.com/aws/smithy-go v1.24.2 h1:FzA3bu/nt/vDvmnkg+R8Xl46gmzEDam6mZ1hzmwXFng=
github.com/aws/smithy-go v1.24.2/go.mod h1:YE2RhdIuDbA5E5bTdciG9KrW3+TiEONeUWCqxX9i1Fc=
github.com/davecgh/go-spew v1.1.0/go.mod h1:J7Y8YcW2NihsgmVo/mv3lAwl/skON4iLHjSsI+c5H38=
github.com/golang-jwt/jwt/v5 v5.3.1 h1:kYf81DTWFe7t+1VvL7eS+jKFVWaUnK9cB1qbwn63YCY=
github.com/golang-jwt/jwt/v5 v5.3.1/go.mod h1:fxCRLWMO43lRc8nhHWY6LGqRcf+1gQWArsqaEUEa5bE=
github.com/google/uuid v1.6.0 h1:NIvaJDMOsjHA8n1jAhLSgzrAzy1Hgr+hNrb57e+94F0=
github.com/google/uuid v1.6.0/go.mod h1:TIyPZe4MgqvfeYDBFedMoGGpEw/LqOeaOT+nhxU+yHo=
github.com/jackc/pgpassfile v1.0.0 h1:/6Hmqy13Ss2zCq62VdNG8tM1wchn8zjSGOBJ6icpsIM=
github.com/jackc/pgpassfile v1.0.0/go.mod h1:CEx0iS5ambNFdcRtxPj5JhEz+xB6uRky5eyVu/W2HEg=
github.com/jackc/pgservicefile v0.0.0-20240606120523-5a60cdf6a761 h1:iCEnooe7UlwOQYpKFhBabPMi4aNAfoODPEFNiAnClxo=
github.com/jackc/pgservicefile v0.0.0-20240606120523-5a60cdf6a761/go.mod h1:5TJZWKEWniPve33vlWYSoGYefn3gLQRzjfDlhSJ9ZKM=
github.com/jackc/pgx/v5 v5.6.0 h1:SWJzexBzPL5jb0GEsrPMLIsi/3jOo7RHlzTjcAeDrPY=
github.com/jackc/pgx/v5 v5.6.0/go.mod h1:DNZ/vlrUnhWCoFGxHAG8U2ljioxukquj7utPDgtQdTw=
github.com/jackc/puddle/v2 v2.2.2 h1:PR8nw+E/1w0GLuRFSmiioY6UooMp6KJv0/61nB7icHo=
github.com/jackc/puddle/v2 v2.2.2/go.mod h1:vriiEXHvEE654aYKXXjOvZM39qJ0q+azkZFrfEOc3H4=
github.com/jinzhu/inflection v1.0.0 h1:K317FqzuhWc8YvSVlFMCCUb36O/S9MCKRDI7QkRKD/E=
github.com/jinzhu/inflection v1.0.0/go.mod h1:h+uFLlag+Qp1Va5pdKtLDYj+kHp5pxUVkryuEj+Srlc=
github.com/jinzhu/now v1.1.5 h1:/o9tlHleP7gOFmsnYNz3RGnqzefHA47wQpKrrdTIwXQ=
github.com/jinzhu/now v1.1.5/go.mod h1:d3SSVoowX0Lcu0IBviAWJpolVfI5UJVZZ7cO71lE/z8=
github.com/joho/godotenv v1.5.1 h1:7eLL/+HRGLY0ldzfGMeQkb7vMd0as4CfYvUVzLqw0N0=
github.com/joho/godotenv v1.5.1/go.mod h1:f4LDr5Voq0i2e/R5DDNOoa2zzDfwtkZa6DnEwAbqwq4=
github.com/pmezard/go-difflib v1.0.0/go.mod h1:iKH77koFhYxTK1pcRnkKkqfTogsbg7gZNVY4sRDYZ/4=
github.com/stretchr/objx v0.1.0/go.mod h1:HFkY916IF+rwdDfMAkV7OtwuqBVzrE8GR6GFx+wExME=
github.com/stretchr/testify v1.3.0/go.mod h1:M5WIy9Dh21IEIfnGCwXGc5bZfKNJtfHm1UVUgZn+9EI=
github.com/stretchr/testify v1.7.0/go.mod h1:6Fq8oRcR53rry900zMqJjRRixrwX3KX962/h/Wwjteg=
golang.org/x/crypto v0.48.0 h1:/VRzVqiRSggnhY7gNRxPauEQ5Drw9haKdM0jqfcCFts=
golang.org/x/crypto v0.48.0/go.mod h1:r0kV5h3qnFPlQnBSrULhlsRfryS2pmewsg+XfMgkVos=
golang.org/x/sync v0.19.0 h1:vV+1eWNmZ5geRlYjzm2adRgW2/mcpevXNg50YZtPCE4=
golang.org/x/sync v0.19.0/go.mod h1:9KTHXmSnoGruLpwFjVSX0lNNA75CykiMECbovNTZqGI=
golang.org/x/text v0.34.0 h1:oL/Qq0Kdaqxa1KbNeMKwQq0reLCCaFtqu2eNuSeNHbk=
golang.org/x/text v0.34.0/go.mod h1:homfLqTYRFyVYemLBFl5GgL/DWEiH5wcsQ5gSh1yziA=
gopkg.in/check.v1 v0.0.0-20161208181325-20d25e280405/go.mod h1:Co6ibVJAznAaIkqp8huTwlJQCZ016jof/cbN4VW5Yz0=
gopkg.in/yaml.v3 v3.0.0-20200313102051-9f266ea9e77c/go.mod h1:K4uyk7z7BCEPqu6E+C64Yfv1cQ7kz7rIZviUmN+EgEM=
gorm.io/driver/postgres v1.6.0 h1:2dxzU8xJ+ivvqTRph34QX+WrRaJlmfyPqXmoGVjMBa4=
gorm.io/driver/postgres v1.6.0/go.mod h1:vUw0mrGgrTK+uPHEhAdV4sfFELrByKVGnaVRkXDhtWo=
gorm.io/gorm v1.31.1 h1:7CA8FTFz/gRfgqgpeKIBcervUn3xSyPUmr6B2WXJ7kg=
gorm.io/gorm v1.31.1/go.mod h1:XyQVbO2k6YkOis7C2437jSit3SsDK72s7n7rsSHd+Gs=
